{
  "name": "demo-first",
  "version": "1.0.0",
  "lockfileVersion": 1,
  "requires": true,
  "dependencies": {
    "android": {
      "version": "0.0.8",
      "resolved": "https://registry.npmjs.org/android/-/android-0.0.8.tgz",
      "integrity": "sha1-pbA96SDXQ3o0zOzuXuEn7x5Elak=",
      "dev": true
    }
  }
}
